schema: '2.0'
stages:
  training_service:
    cmd: python app.py
    deps:
    - path: Training_Batch_Files
      md5: ea59123b44c5be2a50ed7d31336b0e52.dir
      size: 11788442
      nfiles: 2
    - path: schema_training.json
      md5: 1cd968711289d509966c2a949cedbc23
      size: 1067
    - path: src/Training_Service/Data_Preprocessing/preprocessing.py
      md5: e667eb31d61312dc442d32a55cdb4c4f
      size: 8950
    - path: src/Training_Service/Data_Validation/Data_Validation.py
      md5: 61ef53017cc9ad479d3d4faa76b00618
      size: 5808
    - path: src/Training_Service/db/db_operations.py
      md5: 0956ac74841ff4da5e476ecc20d2db31
      size: 4040
    - path: src/logger/logger.py
      md5: f772aeefe617fbfa19810cadd93f6409
      size: 1233
